
Microsoft Visual Studio Solution File, Format Version 12.00
# Visual Studio Version 16
VisualStudioVersion = 16.0.30907.101
MinimumVisualStudioVersion = 10.0.40219.1
Project("{FAE04EC0-301F-11D3-BF4B-00C04F79EFBC}") = "academy.net", "academy.net\academy.net.csproj", "{65F29BDA-A194-4DDE-846F-90D261BBF3E6}"
EndProject
Project("{FAE04EC0-301F-11D3-BF4B-00C04F79EFBC}") = "Persistencia.Database", "Persistencia.Database\Persistencia.Database.csproj", "{ADC174BE-D45D-4B9B-9604-FCBB479B9666}"
EndProject
Project("{FAE04EC0-301F-11D3-BF4B-00C04F79EFBC}") = "Services", "Services\Services.csproj", "{BF65A22B-3968-4A80-9AB4-DF93E7442EE4}"
EndProject
Global
	GlobalSection(SolutionConfigurationPlatforms) = preSolution
		Debug|Any CPU = Debug|Any CPU
		Release|Any CPU = Release|Any CPU
	EndGlobalSection
	GlobalSection(ProjectConfigurationPlatforms) = postSolution
		{65F29BDA-A194-4DDE-846F-90D261BBF3E6}.Debug|Any CPU.ActiveCfg = Debug|Any CPU
		{65F29BDA-A194-4DDE-846F-90D261BBF3E6}.Debug|Any CPU.Build.0 = Debug|Any CPU
		{65F29BDA-A194-4DDE-846F-90D261BBF3E6}.Release|Any CPU.ActiveCfg = Release|Any CPU
		{65F29BDA-A194-4DDE-846F-90D261BBF3E6}.Release|Any CPU.Build.0 = Release|Any CPU
		{ADC174BE-D45D-4B9B-9604-FCBB479B9666}.Debug|Any CPU.ActiveCfg = Debug|Any CPU
		{ADC174BE-D45D-4B9B-9604-FCBB479B9666}.Debug|Any CPU.Build.0 = Debug|Any CPU
		{ADC174BE-D45D-4B9B-9604-FCBB479B9666}.Release|Any CPU.ActiveCfg = Release|Any CPU
		{ADC174BE-D45D-4B9B-9604-FCBB479B9666}.Release|Any CPU.Build.0 = Release|Any CPU
		{BF65A22B-3968-4A80-9AB4-DF93E7442EE4}.Debug|Any CPU.ActiveCfg = Debug|Any CPU
		{BF65A22B-3968-4A80-9AB4-DF93E7442EE4}.Debug|Any CPU.Build.0 = Debug|Any CPU
		{BF65A22B-3968-4A80-9AB4-DF93E7442EE4}.Release|Any CPU.ActiveCfg = Release|Any CPU
		{BF65A22B-3968-4A80-9AB4-DF93E7442EE4}.Release|Any CPU.Build.0 = Release|Any CPU
	EndGlobalSection
	GlobalSection(SolutionProperties) = preSolution
		HideSolutionNode = FALSE
	EndGlobalSection
	GlobalSection(ExtensibilityGlobals) = postSolution
		SolutionGuid = {8A3D42F0-3D82-4F35-9FC6-AA13D7B42F2B}
	EndGlobalSection
EndGlobal
